
Microsoft Visual Studio Solution File, Format Version 12.00
# Visual Studio Version 16
VisualStudioVersion = 16.0.30225.117
MinimumVisualStudioVersion = 10.0.40219.1
Project("{FAE04EC0-301F-11D3-BF4B-00C04F79EFBC}") = "LaunchPad", "LaunchPad\LaunchPad.csproj", "{C5EECC5F-59D6-40C0-BB07-58A822F16AF0}"
EndProject
Global
	GlobalSection(SolutionConfigurationPlatforms) = preSolution
		Debug|Any CPU = Debug|Any CPU
		Release|Any CPU = Release|Any CPU
	EndGlobalSection
	GlobalSection(ProjectConfigurationPlatforms) = postSolution
		{C5EECC5F-59D6-40C0-BB07-58A822F16AF0}.Debug|Any CPU.ActiveCfg = Debug|Any CPU
		{C5EECC5F-59D6-40C0-BB07-58A822F16AF0}.Debug|Any CPU.Build.0 = Debug|Any CPU
		{C5EECC5F-59D6-40C0-BB07-58A822F16AF0}.Release|Any CPU.ActiveCfg = Release|Any CPU
		{C5EECC5F-59D6-40C0-BB07-58A822F16AF0}.Release|Any CPU.Build.0 = Release|Any CPU
	EndGlobalSection
	GlobalSection(SolutionProperties) = preSolution
		HideSolutionNode = FALSE
	EndGlobalSection
	GlobalSection(ExtensibilityGlobals) = postSolution
		SolutionGuid = {4EF33E42-7D33-40A2-9CEA-C1B0EBC73B4D}
	EndGlobalSection
EndGlobal
